
Microsoft Visual Studio Solution File, Format Version 12.00
# Visual Studio Version 17
VisualStudioVersion = 17.11.35222.181
MinimumVisualStudioVersion = 10.0.40219.1
Project("{FAE04EC0-301F-11D3-BF4B-00C04F79EFBC}") = "pr3", "pr3\pr3.csproj", "{BB10C335-7757-4556-8C79-1B0C8CB00DC0}"
EndProject
Global
	GlobalSection(SolutionConfigurationPlatforms) = preSolution
		Debug|Any CPU = Debug|Any CPU
		Release|Any CPU = Release|Any CPU
	EndGlobalSection
	GlobalSection(ProjectConfigurationPlatforms) = postSolution
		{BB10C335-7757-4556-8C79-1B0C8CB00DC0}.Debug|Any CPU.ActiveCfg = Debug|Any CPU
		{BB10C335-7757-4556-8C79-1B0C8CB00DC0}.Debug|Any CPU.Build.0 = Debug|Any CPU
		{BB10C335-7757-4556-8C79-1B0C8CB00DC0}.Release|Any CPU.ActiveCfg = Release|Any CPU
		{BB10C335-7757-4556-8C79-1B0C8CB00DC0}.Release|Any CPU.Build.0 = Release|Any CPU
	EndGlobalSection
	GlobalSection(SolutionProperties) = preSolution
		HideSolutionNode = FALSE
	EndGlobalSection
	GlobalSection(ExtensibilityGlobals) = postSolution
		SolutionGuid = {B925197F-6DCA-4390-B75D-853F89325198}
	EndGlobalSection
EndGlobal
